
Microsoft Visual Studio Solution File, Format Version 12.00
# Visual Studio Version 16
VisualStudioVersion = 25.0.1705.3
MinimumVisualStudioVersion = 10.0.40219.1
Project("{FAE04EC0-301F-11D3-BF4B-00C04F79EFBC}") = "CarLotSimulator", "CarLotSimulator.csproj", "{C13686E0-4C09-44EB-B8EF-C4B848CB4F3B}"
EndProject
Global
	GlobalSection(SolutionConfigurationPlatforms) = preSolution
		Debug|Any CPU = Debug|Any CPU
		Release|Any CPU = Release|Any CPU
	EndGlobalSection
	GlobalSection(ProjectConfigurationPlatforms) = postSolution
		{C13686E0-4C09-44EB-B8EF-C4B848CB4F3B}.Debug|Any CPU.ActiveCfg = Debug|Any CPU
		{C13686E0-4C09-44EB-B8EF-C4B848CB4F3B}.Debug|Any CPU.Build.0 = Debug|Any CPU
		{C13686E0-4C09-44EB-B8EF-C4B848CB4F3B}.Release|Any CPU.ActiveCfg = Release|Any CPU
		{C13686E0-4C09-44EB-B8EF-C4B848CB4F3B}.Release|Any CPU.Build.0 = Release|Any CPU
	EndGlobalSection
	GlobalSection(SolutionProperties) = preSolution
		HideSolutionNode = FALSE
	EndGlobalSection
	GlobalSection(ExtensibilityGlobals) = postSolution
		SolutionGuid = {0241568D-6D67-41C2-B586-12C4A62CB40E}
	EndGlobalSection
EndGlobal
